
Microsoft Visual Studio Solution File, Format Version 12.00
# Visual Studio 15
VisualStudioVersion = 15.0.26124.0
MinimumVisualStudioVersion = 15.0.26124.0
Project("{FAE04EC0-301F-11D3-BF4B-00C04F79EFBC}") = "Lapine.Core", "Lapine.Core\Lapine.Core.csproj", "{72415020-4DC1-493D-A0D3-B02F3286DE64}"
EndProject
Project("{FAE04EC0-301F-11D3-BF4B-00C04F79EFBC}") = "Lapine.Core.Tests", "Lapine.Core.Tests\Lapine.Core.Tests.csproj", "{AE8AF381-92E8-48BB-8867-46AB11CA8F54}"
EndProject
Project("{FAE04EC0-301F-11D3-BF4B-00C04F79EFBC}") = "Lapine.Workbench", "Lapine.Workbench\Lapine.Workbench.csproj", "{268FB4E7-50FE-43B8-812A-C9ABBD3F9600}"
EndProject
Project("{FAE04EC0-301F-11D3-BF4B-00C04F79EFBC}") = "Lapine.Core.IntegrationTests", "Lapine.Core.IntegrationTests\Lapine.Core.IntegrationTests.csproj", "{BEE31518-EA43-43AA-83C4-F1DDBA70E270}"
EndProject
Global
	GlobalSection(SolutionConfigurationPlatforms) = preSolution
		Debug|Any CPU = Debug|Any CPU
		Debug|x64 = Debug|x64
		Debug|x86 = Debug|x86
		Release|Any CPU = Release|Any CPU
		Release|x64 = Release|x64
		Release|x86 = Release|x86
	EndGlobalSection
	GlobalSection(SolutionProperties) = preSolution
		HideSolutionNode = FALSE
	EndGlobalSection
	GlobalSection(ProjectConfigurationPlatforms) = postSolution
		{72415020-4DC1-493D-A0D3-B02F3286DE64}.Debug|Any CPU.ActiveCfg = Debug|Any CPU
		{72415020-4DC1-493D-A0D3-B02F3286DE64}.Debug|Any CPU.Build.0 = Debug|Any CPU
		{72415020-4DC1-493D-A0D3-B02F3286DE64}.Debug|x64.ActiveCfg = Debug|Any CPU
		{72415020-4DC1-493D-A0D3-B02F3286DE64}.Debug|x64.Build.0 = Debug|Any CPU
		{72415020-4DC1-493D-A0D3-B02F3286DE64}.Debug|x86.ActiveCfg = Debug|Any CPU
		{72415020-4DC1-493D-A0D3-B02F3286DE64}.Debug|x86.Build.0 = Debug|Any CPU
		{72415020-4DC1-493D-A0D3-B02F3286DE64}.Release|Any CPU.ActiveCfg = Release|Any CPU
		{72415020-4DC1-493D-A0D3-B02F3286DE64}.Release|Any CPU.Build.0 = Release|Any CPU
		{72415020-4DC1-493D-A0D3-B02F3286DE64}.Release|x64.ActiveCfg = Release|Any CPU
		{72415020-4DC1-493D-A0D3-B02F3286DE64}.Release|x64.Build.0 = Release|Any CPU
		{72415020-4DC1-493D-A0D3-B02F3286DE64}.Release|x86.ActiveCfg = Release|Any CPU
		{72415020-4DC1-493D-A0D3-B02F3286DE64}.Release|x86.Build.0 = Release|Any CPU
		{AE8AF381-92E8-48BB-8867-46AB11CA8F54}.Debug|Any CPU.ActiveCfg = Debug|Any CPU
		{AE8AF381-92E8-48BB-8867-46AB11CA8F54}.Debug|Any CPU.Build.0 = Debug|Any CPU
		{AE8AF381-92E8-48BB-8867-46AB11CA8F54}.Debug|x64.ActiveCfg = Debug|Any CPU
		{AE8AF381-92E8-48BB-8867-46AB11CA8F54}.Debug|x64.Build.0 = Debug|Any CPU
		{AE8AF381-92E8-48BB-8867-46AB11CA8F54}.Debug|x86.ActiveCfg = Debug|Any CPU
		{AE8AF381-92E8-48BB-8867-46AB11CA8F54}.Debug|x86.Build.0 = Debug|Any CPU
		{AE8AF381-92E8-48BB-8867-46AB11CA8F54}.Release|Any CPU.ActiveCfg = Release|Any CPU
		{AE8AF381-92E8-48BB-8867-46AB11CA8F54}.Release|Any CPU.Build.0 = Release|Any CPU
		{AE8AF381-92E8-48BB-8867-46AB11CA8F54}.Release|x64.ActiveCfg = Release|Any CPU
		{AE8AF381-92E8-48BB-8867-46AB11CA8F54}.Release|x64.Build.0 = Release|Any CPU
		{AE8AF381-92E8-48BB-8867-46AB11CA8F54}.Release|x86.ActiveCfg = Release|Any CPU
		{AE8AF381-92E8-48BB-8867-46AB11CA8F54}.Release|x86.Build.0 = Release|Any CPU
		{268FB4E7-50FE-43B8-812A-C9ABBD3F9600}.Debug|Any CPU.ActiveCfg = Debug|Any CPU
		{268FB4E7-50FE-43B8-812A-C9ABBD3F9600}.Debug|Any CPU.Build.0 = Debug|Any CPU
		{268FB4E7-50FE-43B8-812A-C9ABBD3F9600}.Debug|x64.ActiveCfg = Debug|Any CPU
		{268FB4E7-50FE-43B8-812A-C9ABBD3F9600}.Debug|x64.Build.0 = Debug|Any CPU
		{268FB4E7-50FE-43B8-812A-C9ABBD3F9600}.Debug|x86.ActiveCfg = Debug|Any CPU
		{268FB4E7-50FE-43B8-812A-C9ABBD3F9600}.Debug|x86.Build.0 = Debug|Any CPU
		{268FB4E7-50FE-43B8-812A-C9ABBD3F9600}.Release|Any CPU.ActiveCfg = Release|Any CPU
		{268FB4E7-50FE-43B8-812A-C9ABBD3F9600}.Release|Any CPU.Build.0 = Release|Any CPU
		{268FB4E7-50FE-43B8-812A-C9ABBD3F9600}.Release|x64.ActiveCfg = Release|Any CPU
		{268FB4E7-50FE-43B8-812A-C9ABBD3F9600}.Release|x64.Build.0 = Release|Any CPU
		{268FB4E7-50FE-43B8-812A-C9ABBD3F9600}.Release|x86.ActiveCfg = Release|Any CPU
		{268FB4E7-50FE-43B8-812A-C9ABBD3F9600}.Release|x86.Build.0 = Release|Any CPU
		{BEE31518-EA43-43AA-83C4-F1DDBA70E270}.Debug|Any CPU.ActiveCfg = Debug|Any CPU
		{BEE31518-EA43-43AA-83C4-F1DDBA70E270}.Debug|Any CPU.Build.0 = Debug|Any CPU
		{BEE31518-EA43-43AA-83C4-F1DDBA70E270}.Debug|x64.ActiveCfg = Debug|Any CPU
		{BEE31518-EA43-43AA-83C4-F1DDBA70E270}.Debug|x64.Build.0 = Debug|Any CPU
		{BEE31518-EA43-43AA-83C4-F1DDBA70E270}.Debug|x86.ActiveCfg = Debug|Any CPU
		{BEE31518-EA43-43AA-83C4-F1DDBA70E270}.Debug|x86.Build.0 = Debug|Any CPU
		{BEE31518-EA43-43AA-83C4-F1DDBA70E270}.Release|Any CPU.ActiveCfg = Release|Any CPU
		{BEE31518-EA43-43AA-83C4-F1DDBA70E270}.Release|Any CPU.Build.0 = Release|Any CPU
		{BEE31518-EA43-43AA-83C4-F1DDBA70E270}.Release|x64.ActiveCfg = Release|Any CPU
		{BEE31518-EA43-43AA-83C4-F1DDBA70E270}.Release|x64.Build.0 = Release|Any CPU
		{BEE31518-EA43-43AA-83C4-F1DDBA70E270}.Release|x86.ActiveCfg = Release|Any CPU
		{BEE31518-EA43-43AA-83C4-F1DDBA70E270}.Release|x86.Build.0 = Release|Any CPU
	EndGlobalSection
EndGlobal
